<Solution>
  <Project Path="EventDrivenArchitecturePlayground.API/EventDrivenArchitecturePlayground.API.csproj" />
  <Project Path="EventDrivenArchitecturePlayground.Application/EventDrivenArchitecturePlayground.Application.csproj" Id="7d0fa6df-560d-40e0-873f-a0922abedc8b" />
  <Project Path="EventDrivenArchitecturePlayground.Contracts/EventDrivenArchitecturePlayground.Contracts.csproj" Id="8eef451a-6f5d-4e1c-b8a1-1ea2d19158f4" />
  <Project Path="EventDrivenArchitecturePlayground.Domain/EventDrivenArchitecturePlayground.Domain.csproj" Id="4650e4f6-a9a1-4048-8f0a-3ab992264cc7" />
  <Project Path="EventDrivenArchitecturePlayground.Infrastructure/EventDrivenArchitecturePlayground.Infrastructure.csproj" Id="e69f4f73-ba91-490c-a227-f23b8b16a748" />
  <Project Path="EventDrivenArchitecturePlayground.Worker/EventDrivenArchitecturePlayground.Worker.csproj" Id="72ba150d-4951-40be-99ec-91c74a351b83" />
</Solution>
